
Microsoft Visual Studio Solution File, Format Version 12.00
# Visual Studio Version 17
VisualStudioVersion = 17.0.32112.339
MinimumVisualStudioVersion = 10.0.40219.1
Project("{FAE04EC0-301F-11D3-BF4B-00C04F79EFBC}") = "NoMorePresents (035)", "NoMorePresents (035)\NoMorePresents (035).csproj", "{F41F68ED-5DB3-423B-875D-F44FFE11BD52}"
EndProject
Global
	GlobalSection(SolutionConfigurationPlatforms) = preSolution
		Debug|Any CPU = Debug|Any CPU
		Release|Any CPU = Release|Any CPU
	EndGlobalSection
	GlobalSection(ProjectConfigurationPlatforms) = postSolution
		{F41F68ED-5DB3-423B-875D-F44FFE11BD52}.Debug|Any CPU.ActiveCfg = Debug|Any CPU
		{F41F68ED-5DB3-423B-875D-F44FFE11BD52}.Debug|Any CPU.Build.0 = Debug|Any CPU
		{F41F68ED-5DB3-423B-875D-F44FFE11BD52}.Release|Any CPU.ActiveCfg = Release|Any CPU
		{F41F68ED-5DB3-423B-875D-F44FFE11BD52}.Release|Any CPU.Build.0 = Release|Any CPU
	EndGlobalSection
	GlobalSection(SolutionProperties) = preSolution
		HideSolutionNode = FALSE
	EndGlobalSection
	GlobalSection(ExtensibilityGlobals) = postSolution
		SolutionGuid = {09CBAEB7-F6A6-41C8-B7AA-A356C9DBC93D}
	EndGlobalSection
EndGlobal
